
Microsoft Visual Studio Solution File, Format Version 12.00
# Visual Studio Version 17
VisualStudioVersion = 17.2.32630.192
MinimumVisualStudioVersion = 10.0.40219.1
Project("{8BC9CEB8-8B4A-11D0-8D11-00A0C91BC942}") = "mini-games", "mini-games.vcxproj", "{E17FA429-F973-4F33-8EFB-3C74BC838FDD}"
EndProject
Project("{8BC9CEB8-8B4A-11D0-8D11-00A0C91BC942}") = "uye", "uye\uye.vcxproj", "{334D9C83-28B8-4F32-AAC8-FDD5124BDE54}"
EndProject
Global
	GlobalSection(SolutionConfigurationPlatforms) = preSolution
		Debug|x64 = Debug|x64
		Debug|x86 = Debug|x86
		Release|x64 = Release|x64
		Release|x86 = Release|x86
	EndGlobalSection
	GlobalSection(ProjectConfigurationPlatforms) = postSolution
		{E17FA429-F973-4F33-8EFB-3C74BC838FDD}.Debug|x64.ActiveCfg = Debug|x64
		{E17FA429-F973-4F33-8EFB-3C74BC838FDD}.Debug|x64.Build.0 = Debug|x64
		{E17FA429-F973-4F33-8EFB-3C74BC838FDD}.Debug|x86.ActiveCfg = Debug|Win32
		{E17FA429-F973-4F33-8EFB-3C74BC838FDD}.Debug|x86.Build.0 = Debug|Win32
		{E17FA429-F973-4F33-8EFB-3C74BC838FDD}.Release|x64.ActiveCfg = Release|x64
		{E17FA429-F973-4F33-8EFB-3C74BC838FDD}.Release|x64.Build.0 = Release|x64
		{E17FA429-F973-4F33-8EFB-3C74BC838FDD}.Release|x86.ActiveCfg = Release|Win32
		{E17FA429-F973-4F33-8EFB-3C74BC838FDD}.Release|x86.Build.0 = Release|Win32
		{334D9C83-28B8-4F32-AAC8-FDD5124BDE54}.Debug|x64.ActiveCfg = Debug|x64
		{334D9C83-28B8-4F32-AAC8-FDD5124BDE54}.Debug|x64.Build.0 = Debug|x64
		{334D9C83-28B8-4F32-AAC8-FDD5124BDE54}.Debug|x86.ActiveCfg = Debug|Win32
		{334D9C83-28B8-4F32-AAC8-FDD5124BDE54}.Debug|x86.Build.0 = Debug|Win32
		{334D9C83-28B8-4F32-AAC8-FDD5124BDE54}.Release|x64.ActiveCfg = Release|x64
		{334D9C83-28B8-4F32-AAC8-FDD5124BDE54}.Release|x64.Build.0 = Release|x64
		{334D9C83-28B8-4F32-AAC8-FDD5124BDE54}.Release|x86.ActiveCfg = Release|Win32
		{334D9C83-28B8-4F32-AAC8-FDD5124BDE54}.Release|x86.Build.0 = Release|Win32
	EndGlobalSection
	GlobalSection(SolutionProperties) = preSolution
		HideSolutionNode = FALSE
	EndGlobalSection
	GlobalSection(ExtensibilityGlobals) = postSolution
		SolutionGuid = {62E2470E-DBF1-4784-8C1A-A56A3BCE4B8E}
	EndGlobalSection
EndGlobal
